
Microsoft Visual Studio Solution File, Format Version 12.00
# Visual Studio Version 17
VisualStudioVersion = 17.0.32014.148
MinimumVisualStudioVersion = 10.0.40219.1
Project("{FAE04EC0-301F-11D3-BF4B-00C04F79EFBC}") = "Game2048", "Game2048.csproj", "{07DDBF00-5B7C-48CE-A1B0-FBB2EC2254D9}"
EndProject
Global
	GlobalSection(SolutionConfigurationPlatforms) = preSolution
		Debug|Any CPU = Debug|Any CPU
		Release|Any CPU = Release|Any CPU
	EndGlobalSection
	GlobalSection(ProjectConfigurationPlatforms) = postSolution
		{07DDBF00-5B7C-48CE-A1B0-FBB2EC2254D9}.Debug|Any CPU.ActiveCfg = Debug|Any CPU
		{07DDBF00-5B7C-48CE-A1B0-FBB2EC2254D9}.Debug|Any CPU.Build.0 = Debug|Any CPU
		{07DDBF00-5B7C-48CE-A1B0-FBB2EC2254D9}.Release|Any CPU.ActiveCfg = Release|Any CPU
		{07DDBF00-5B7C-48CE-A1B0-FBB2EC2254D9}.Release|Any CPU.Build.0 = Release|Any CPU
	EndGlobalSection
	GlobalSection(SolutionProperties) = preSolution
		HideSolutionNode = FALSE
	EndGlobalSection
	GlobalSection(ExtensibilityGlobals) = postSolution
		SolutionGuid = {E7D6A48F-B676-42AA-8350-E4A5F10E78F3}
	EndGlobalSection
EndGlobal
